
Microsoft Visual Studio Solution File, Format Version 12.00
# Visual Studio Version 16
VisualStudioVersion = 16.0.29920.165
MinimumVisualStudioVersion = 10.0.40219.1
Project("{FAE04EC0-301F-11D3-BF4B-00C04F79EFBC}") = "KarnaughMap", "KarnaughMap\KarnaughMap.csproj", "{F39BB742-9265-4FAD-9BA0-4D13790C9C69}"
EndProject
Global
	GlobalSection(SolutionConfigurationPlatforms) = preSolution
		Debug|Any CPU = Debug|Any CPU
		Release|Any CPU = Release|Any CPU
	EndGlobalSection
	GlobalSection(ProjectConfigurationPlatforms) = postSolution
		{F39BB742-9265-4FAD-9BA0-4D13790C9C69}.Debug|Any CPU.ActiveCfg = Debug|Any CPU
		{F39BB742-9265-4FAD-9BA0-4D13790C9C69}.Debug|Any CPU.Build.0 = Debug|Any CPU
		{F39BB742-9265-4FAD-9BA0-4D13790C9C69}.Release|Any CPU.ActiveCfg = Release|Any CPU
		{F39BB742-9265-4FAD-9BA0-4D13790C9C69}.Release|Any CPU.Build.0 = Release|Any CPU
	EndGlobalSection
	GlobalSection(SolutionProperties) = preSolution
		HideSolutionNode = FALSE
	EndGlobalSection
	GlobalSection(ExtensibilityGlobals) = postSolution
		SolutionGuid = {47DF537E-901C-4E2C-BC8D-42F448210932}
	EndGlobalSection
EndGlobal
